github.com/wushilin/future v1.0.1 h1:mR6SIpMxQfEx20U9By2EG4lPCtRiNHkMfsPoGL6NKJA=
github.com/wushilin/future v1.0.1/go.mod h1:1Z/3txghGV2FOKQIZM9PaEsW7CocZ/OyIVpu8PXl1VQ=
github.com/wushilin/threads v1.0.0 h1:pOYV8K01v+jafoE5OH8TY66yaObErhpjRXO939Fq+Eo=
github.com/wushilin/threads v1.0.0/go.mod h1:Yq2HWG+GScA5jAUtYqTiFaT+lziFqjGKdkMa+a1jS6A=
